Microsoft Visual Studio Solution File, Format Version 12.00
# Visual Studio Version 17
VisualStudioVersion = 17.5.2.0
MinimumVisualStudioVersion = 10.0.40219.1
Project("{FAE04EC0-301F-11D3-BF4B-00C04F79EFBC}") = "Nopreverseengineering", "Nopreverseengineering.csproj", "{9EC11978-3416-15AA-B22C-E7C5E0A7AE19}"
EndProject
Global
	GlobalSection(SolutionConfigurationPlatforms) = preSolution
		Debug|Any CPU = Debug|Any CPU
		Release|Any CPU = Release|Any CPU
	EndGlobalSection
	GlobalSection(ProjectConfigurationPlatforms) = postSolution
		{9EC11978-3416-15AA-B22C-E7C5E0A7AE19}.Debug|Any CPU.ActiveCfg = Debug|Any CPU
		{9EC11978-3416-15AA-B22C-E7C5E0A7AE19}.Debug|Any CPU.Build.0 = Debug|Any CPU
		{9EC11978-3416-15AA-B22C-E7C5E0A7AE19}.Release|Any CPU.ActiveCfg = Release|Any CPU
		{9EC11978-3416-15AA-B22C-E7C5E0A7AE19}.Release|Any CPU.Build.0 = Release|Any CPU
	EndGlobalSection
	GlobalSection(SolutionProperties) = preSolution
		HideSolutionNode = FALSE
	EndGlobalSection
	GlobalSection(ExtensibilityGlobals) = postSolution
		SolutionGuid = {D10BE400-A068-4215-AD81-5B8D36C6F7E0}
	EndGlobalSection
EndGlobal
